
Microsoft Visual Studio Solution File, Format Version 12.00
# Visual Studio 15
VisualStudioVersion = 15.0.27703.2018
MinimumVisualStudioVersion = 10.0.40219.1
Project("{9A19103F-16F7-4668-BE54-9A1E7A4F7556}") = "OLD_RoslynCompiler", "RoslynCompiler\OLD_RoslynCompiler.csproj", "{9E0031A8-E154-4695-97F0-8B36DD8BC9EB}"
EndProject
Project("{9A19103F-16F7-4668-BE54-9A1E7A4F7556}") = "ConsoleApp1", "ConsoleApp1\ConsoleApp1.csproj", "{212F3985-4E52-41F2-B644-9E1818050220}"
EndProject
Project("{FAE04EC0-301F-11D3-BF4B-00C04F79EFBC}") = "ALibrary", "ALibrary\ALibrary.csproj", "{81F4885E-36F8-496D-9A84-53AF8F0792EF}"
EndProject
Global
	GlobalSection(SolutionConfigurationPlatforms) = preSolution
		Debug|Any CPU = Debug|Any CPU
		Release|Any CPU = Release|Any CPU
	EndGlobalSection
	GlobalSection(ProjectConfigurationPlatforms) = postSolution
		{9E0031A8-E154-4695-97F0-8B36DD8BC9EB}.Debug|Any CPU.ActiveCfg = Debug|Any CPU
		{9E0031A8-E154-4695-97F0-8B36DD8BC9EB}.Debug|Any CPU.Build.0 = Debug|Any CPU
		{9E0031A8-E154-4695-97F0-8B36DD8BC9EB}.Release|Any CPU.ActiveCfg = Release|Any CPU
		{9E0031A8-E154-4695-97F0-8B36DD8BC9EB}.Release|Any CPU.Build.0 = Release|Any CPU
		{212F3985-4E52-41F2-B644-9E1818050220}.Debug|Any CPU.ActiveCfg = Debug|Any CPU
		{212F3985-4E52-41F2-B644-9E1818050220}.Debug|Any CPU.Build.0 = Debug|Any CPU
		{212F3985-4E52-41F2-B644-9E1818050220}.Release|Any CPU.ActiveCfg = Release|Any CPU
		{212F3985-4E52-41F2-B644-9E1818050220}.Release|Any CPU.Build.0 = Release|Any CPU
		{81F4885E-36F8-496D-9A84-53AF8F0792EF}.Debug|Any CPU.ActiveCfg = Debug|Any CPU
		{81F4885E-36F8-496D-9A84-53AF8F0792EF}.Debug|Any CPU.Build.0 = Debug|Any CPU
		{81F4885E-36F8-496D-9A84-53AF8F0792EF}.Release|Any CPU.ActiveCfg = Release|Any CPU
		{81F4885E-36F8-496D-9A84-53AF8F0792EF}.Release|Any CPU.Build.0 = Release|Any CPU
	EndGlobalSection
	GlobalSection(SolutionProperties) = preSolution
		HideSolutionNode = FALSE
	EndGlobalSection
	GlobalSection(ExtensibilityGlobals) = postSolution
		SolutionGuid = {319F41F4-04DD-4D69-A7A3-C1C9EA2CEB1F}
	EndGlobalSection
EndGlobal
