
Microsoft Visual Studio Solution File, Format Version 12.00
# Visual Studio 15
VisualStudioVersion = 15.0.27703.2018
MinimumVisualStudioVersion = 10.0.40219.1
Project("{FAE04EC0-301F-11D3-BF4B-00C04F79EFBC}") = "RoslynCompiler", "RoslynCompiler\RoslynCompiler.csproj", "{74EE6990-E8D8-4BE2-A436-B291D97768B6}"
EndProject
Project("{FAE04EC0-301F-11D3-BF4B-00C04F79EFBC}") = "ConsoleApp1", "ConsoleApp1\ConsoleApp1.csproj", "{0E6C9EED-791B-417C-B51C-5F6DCA66EFD5}"
EndProject
Global
	GlobalSection(SolutionConfigurationPlatforms) = preSolution
		Debug|Any CPU = Debug|Any CPU
		Release|Any CPU = Release|Any CPU
	EndGlobalSection
	GlobalSection(ProjectConfigurationPlatforms) = postSolution
		{74EE6990-E8D8-4BE2-A436-B291D97768B6}.Debug|Any CPU.ActiveCfg = Debug|Any CPU
		{74EE6990-E8D8-4BE2-A436-B291D97768B6}.Debug|Any CPU.Build.0 = Debug|Any CPU
		{74EE6990-E8D8-4BE2-A436-B291D97768B6}.Release|Any CPU.ActiveCfg = Release|Any CPU
		{74EE6990-E8D8-4BE2-A436-B291D97768B6}.Release|Any CPU.Build.0 = Release|Any CPU
		{0E6C9EED-791B-417C-B51C-5F6DCA66EFD5}.Debug|Any CPU.ActiveCfg = Debug|Any CPU
		{0E6C9EED-791B-417C-B51C-5F6DCA66EFD5}.Debug|Any CPU.Build.0 = Debug|Any CPU
		{0E6C9EED-791B-417C-B51C-5F6DCA66EFD5}.Release|Any CPU.ActiveCfg = Release|Any CPU
		{0E6C9EED-791B-417C-B51C-5F6DCA66EFD5}.Release|Any CPU.Build.0 = Release|Any CPU
	EndGlobalSection
	GlobalSection(SolutionProperties) = preSolution
		HideSolutionNode = FALSE
	EndGlobalSection
	GlobalSection(ExtensibilityGlobals) = postSolution
		SolutionGuid = {02625DAB-05D0-41A8-8F55-E354B5DDBF37}
	EndGlobalSection
EndGlobal
